schema: '2.0'
stages:
  prepare:
    cmd: venv\Scripts\python.exe src/prepare.py
    deps:
    - path: src/prepare.py
      hash: md5
      md5: 9ec0005f5bbef779d9350bb922934bd0
      size: 746
    outs:
    - path: data/raw
      hash: md5
      md5: 585a7ccfaed689b67a4adec3d5b0848d.dir
      size: 54950512
      nfiles: 4
  preprocess:
    cmd: venv\Scripts\python.exe src/preprocess.py
    deps:
    - path: data/raw
      hash: md5
      md5: 585a7ccfaed689b67a4adec3d5b0848d.dir
      size: 54950512
      nfiles: 4
    - path: src/preprocess.py
      hash: md5
      md5: d48b1e51d55fba9f671cf069330267a2
      size: 2059
    params:
      params.yaml:
        preprocess.seed: 42
        preprocess.test_size: 0.1
    outs:
    - path: data/processed
      hash: md5
      md5: 9318b1481e5bccdab123e076a3e0ae06.dir
      size: 219590768
      nfiles: 6
  train:
    cmd: venv\Scripts\python.exe src/train.py
    deps:
    - path: data/processed
      hash: md5
      md5: 9318b1481e5bccdab123e076a3e0ae06.dir
      size: 219590768
      nfiles: 6
    - path: src/train.py
      hash: md5
      md5: 7cd154c1937ad782c9e673d4c66ead6b
      size: 2319
    params:
      params.yaml:
        preprocess.seed: 42
        train.batch_size: 32
        train.dense_units: 128
        train.dropout_rate: 0.2
        train.epochs: 10
        train.learning_rate: 0.001
    outs:
    - path: models/history.csv
      hash: md5
      md5: 21c148a34d6434f486eda2d2991592a0
      size: 838
    - path: models/model.h5
      hash: md5
      md5: 1d65825eb5549249286dd7d0e82e4d84
      size: 1245272
  evaluate:
    cmd: venv\Scripts\python.exe src/evaluate.py
    deps:
    - path: data/processed
      hash: md5
      md5: 9318b1481e5bccdab123e076a3e0ae06.dir
      size: 219590768
      nfiles: 6
    - path: models/model.h5
      hash: md5
      md5: 1d65825eb5549249286dd7d0e82e4d84
      size: 1245272
    - path: src/evaluate.py
      hash: md5
      md5: ac3809102b29a43c9e927d5cf39230d6
      size: 1805
    outs:
    - path: metrics.json
      hash: md5
      md5: 78e057dbc6da9c01769adcf118c48d07
      size: 80
    - path: models/confusion_matrix.png
      hash: md5
      md5: 48a01914422d085302fcbc8d6516cadb
      size: 85528
